#MicroXplorer Configuration settings - do not modify
File.Version=6
GPIO.groupedBy=Group By Peripherals
KeepUserPlacement=false
Mcu.Family=STM32F1
Mcu.IP0=I2C1
Mcu.IP1=NVIC
Mcu.IP2=RCC
Mcu.IP3=SPI1
Mcu.IP4=SYS
Mcu.IP5=TIM2
Mcu.IP6=USART1
Mcu.IP7=USB
Mcu.IP8=USB_DEVICE
Mcu.IPNb=9
Mcu.Name=STM32F103R(C-D-E)Tx
Mcu.Package=LQFP64
Mcu.Pin0=PD0-OSC_IN
Mcu.Pin1=PD1-OSC_OUT
Mcu.Pin10=PA12
Mcu.Pin11=PB6
Mcu.Pin12=PB7
Mcu.Pin13=VP_SYS_VS_ND
Mcu.Pin14=VP_SYS_VS_tim1
Mcu.Pin15=VP_TIM2_VS_ClockSourceINT
Mcu.Pin16=VP_USB_DEVICE_VS_USB_DEVICE_HID_FS
Mcu.Pin2=PA4
Mcu.Pin3=PA5
Mcu.Pin4=PA6
Mcu.Pin5=PA7
Mcu.Pin6=PC4
Mcu.Pin7=PA9
Mcu.Pin8=PA10
Mcu.Pin9=PA11
Mcu.PinsNb=17
Mcu.ThirdPartyNb=0
Mcu.UserConstants=
Mcu.UserName=STM32F103RCTx
MxCube.Version=6.3.0
MxDb.Version=DB.6.0.30
NVIC.BusFault_IRQn=true\:0\:0\:false\:false\:true\:false\:false
NVIC.DebugMonitor_IRQn=true\:0\:0\:false\:false\:true\:false\:false
NVIC.ForceEnableDMAVector=true
NVIC.HardFault_IRQn=true\:0\:0\:false\:false\:true\:false\:false
NVIC.MemoryManagement_IRQn=true\:0\:0\:false\:false\:true\:false\:false
NVIC.NonMaskableInt_IRQn=true\:0\:0\:false\:false\:true\:false\:false
NVIC.PendSV_IRQn=true\:0\:0\:false\:false\:true\:false\:false
NVIC.PriorityGroup=NVIC_PRIORITYGROUP_4
NVIC.SVCall_IRQn=true\:0\:0\:false\:false\:true\:false\:false
NVIC.SysTick_IRQn=true\:15\:0\:false\:false\:true\:false\:true
NVIC.TIM1_UP_IRQn=true\:15\:0\:false\:false\:true\:false\:true
NVIC.TIM2_IRQn=true\:10\:0\:true\:false\:true\:true\:true
NVIC.TimeBase=TIM1_UP_IRQn
NVIC.TimeBaseIP=TIM1
NVIC.USB_LP_CAN1_RX0_IRQn=true\:0\:0\:false\:false\:true\:false\:true
NVIC.UsageFault_IRQn=true\:0\:0\:false\:false\:true\:false\:false
PA10.Mode=Asynchronous
PA10.Signal=USART1_RX
PA11.Mode=Device
PA11.Signal=USB_DM
PA12.Mode=Device
PA12.Signal=USB_DP
PA4.Locked=true
PA4.Signal=GPIO_Input
PA5.Mode=Full_Duplex_Master
PA5.Signal=SPI1_SCK
PA6.Mode=Full_Duplex_Master
PA6.Signal=SPI1_MISO
PA7.Mode=Full_Duplex_Master
PA7.Signal=SPI1_MOSI
PA9.Mode=Asynchronous
PA9.Signal=USART1_TX
PB6.Mode=I2C
PB6.Signal=I2C1_SCL
PB7.Mode=I2C
PB7.Signal=I2C1_SDA
PC4.Locked=true
PC4.Signal=GPIO_Input
PD0-OSC_IN.Mode=HSE-External-Oscillator
PD0-OSC_IN.Signal=RCC_OSC_IN
PD1-OSC_OUT.Mode=HSE-External-Oscillator
PD1-OSC_OUT.Signal=RCC_OSC_OUT
PinOutPanel.RotationAngle=0
ProjectManager.AskForMigrate=true
ProjectManager.BackupPrevious=false
ProjectManager.CompilerOptimize=6
ProjectManager.ComputerToolchain=false
ProjectManager.CoupleFile=true
ProjectManager.CustomerFirmwarePackage=
ProjectManager.DefaultFWLocation=true
ProjectManager.DeletePrevious=true
ProjectManager.DeviceId=STM32F103RCTx
ProjectManager.FirmwarePackage=STM32Cube FW_F1 V1.8.4
ProjectManager.FreePins=false
ProjectManager.HalAssertFull=false
ProjectManager.HeapSize=0x200
ProjectManager.KeepUserCode=true
ProjectManager.LastFirmware=true
ProjectManager.LibraryCopy=0
ProjectManager.MainLocation=Src
ProjectManager.NoMain=false
ProjectManager.PreviousToolchain=
ProjectManager.ProjectBuild=false
ProjectManager.ProjectFileName=default_project_HAL.ioc
ProjectManager.ProjectName=default_project_HAL
ProjectManager.RegisterCallBack=
ProjectManager.StackSize=0x400
ProjectManager.TargetToolchain=MDK-ARM V5.32
ProjectManager.ToolChainLocation=
ProjectManager.UnderRoot=false
ProjectManager.functionlistsort=1-MX_GPIO_Init-GPIO-false-HAL-true,2-SystemClock_Config-RCC-false-HAL-false,3-MX_TIM2_Init-TIM2-false-HAL-true,4-MX_USART1_UART_Init-USART1-false-HAL-true,5-MX_I2C1_Init-I2C1-false-HAL-true,6-MX_USB_DEVICE_Init-USB_DEVICE-false-HAL-false,7-MX_SPI1_Init-SPI1-false-HAL-true
RCC.ADCFreqValue=12000000
RCC.ADCPresc=RCC_ADCPCLK2_DIV6
RCC.AHBFreq_Value=72000000
RCC.APB1CLKDivider=RCC_HCLK_DIV2
RCC.APB1Freq_Value=36000000
RCC.APB1TimFreq_Value=72000000
RCC.APB2Freq_Value=72000000
RCC.APB2TimFreq_Value=72000000
RCC.FCLKCortexFreq_Value=72000000
RCC.FamilyName=M
RCC.HCLKFreq_Value=72000000
RCC.I2S2Freq_Value=72000000
RCC.I2S3Freq_Value=72000000
RCC.IPParameters=ADCFreqValue,ADCPresc,AHBFreq_Value,APB1CLKDivider,APB1Freq_Value,APB1TimFreq_Value,APB2Freq_Value,APB2TimFreq_Value,FCLKCortexFreq_Value,FamilyName,HCLKFreq_Value,I2S2Freq_Value,I2S3Freq_Value,MCOFreq_Value,PLLCLKFreq_Value,PLLMCOFreq_Value,PLLMUL,PLLSourceVirtual,SDIOFreq_Value,SDIOHCLKDiv2FreqValue,SYSCLKFreq_VALUE,SYSCLKSource,TimSysFreq_Value,USBFreq_Value,USBPrescaler,VCOOutput2Freq_Value
RCC.MCOFreq_Value=72000000
RCC.PLLCLKFreq_Value=72000000
RCC.PLLMCOFreq_Value=36000000
RCC.PLLMUL=RCC_PLL_MUL9
RCC.PLLSourceVirtual=RCC_PLLSOURCE_HSE
RCC.SDIOFreq_Value=72000000
RCC.SDIOHCLKDiv2FreqValue=36000000
RCC.SYSCLKFreq_VALUE=72000000
RCC.SYSCLKSource=RCC_SYSCLKSOURCE_PLLCLK
RCC.TimSysFreq_Value=72000000
RCC.USBFreq_Value=48000000
RCC.USBPrescaler=RCC_USBCLKSOURCE_PLL_DIV1_5
RCC.VCOOutput2Freq_Value=8000000
SPI1.BaudRatePrescaler=SPI_BAUDRATEPRESCALER_8
SPI1.CalculateBaudRate=9.0 MBits/s
SPI1.Direction=SPI_DIRECTION_2LINES
SPI1.IPParameters=VirtualType,Mode,Direction,CalculateBaudRate,BaudRatePrescaler
SPI1.Mode=SPI_MODE_MASTER
SPI1.VirtualType=VM_MASTER
TIM2.AutoReloadPreload=TIM_AUTORELOAD_PRELOAD_ENABLE
TIM2.IPParameters=Prescaler,Period,AutoReloadPreload
TIM2.Period=5000-1
TIM2.Prescaler=7200-1
USART1.IPParameters=VirtualMode
USART1.VirtualMode=VM_ASYNC
USB_DEVICE.CLASS_NAME_FS=HID
USB_DEVICE.IPParameters=VirtualMode,VirtualModeFS,CLASS_NAME_FS
USB_DEVICE.VirtualMode=Hid
USB_DEVICE.VirtualModeFS=Hid_FS
VP_SYS_VS_ND.Mode=No_Debug
VP_SYS_VS_ND.Signal=SYS_VS_ND
VP_SYS_VS_tim1.Mode=TIM1
VP_SYS_VS_tim1.Signal=SYS_VS_tim1
VP_TIM2_VS_ClockSourceINT.Mode=Internal
VP_TIM2_VS_ClockSourceINT.Signal=TIM2_VS_ClockSourceINT
VP_USB_DEVICE_VS_USB_DEVICE_HID_FS.Mode=HID_FS
VP_USB_DEVICE_VS_USB_DEVICE_HID_FS.Signal=USB_DEVICE_VS_USB_DEVICE_HID_FS
board=custom
